
Microsoft Visual Studio Solution File, Format Version 11.00
# Visual Studio 2010
Project("{FAE04EC0-301F-11D3-BF4B-00C04F79EFBC}") = "MultiFilteredDataGridMVVM", "MultiFilteredDataGridMVVM\MultiFilteredDataGridMVVM.csproj", "{B0C37EDE-7C3D-4BE8-AC0D-C348192C3B84}"
EndProject
Project("{2150E333-8FDC-42A3-9474-1A3956D46DE8}") = "Libs", "Libs", "{8DC105DB-FD43-4778-9CD6-298503E9F1DA}"
	ProjectSection(SolutionItems) = preProject
		Libs\GalaSoft.MvvmLight.dll = Libs\GalaSoft.MvvmLight.dll
		Libs\GalaSoft.MvvmLight.Extras.dll = Libs\GalaSoft.MvvmLight.Extras.dll
		Libs\Microsoft.Practices.Unity.Configuration.dll = Libs\Microsoft.Practices.Unity.Configuration.dll
		Libs\Microsoft.Practices.Unity.dll = Libs\Microsoft.Practices.Unity.dll
		Libs\System.Windows.Interactivity.dll = Libs\System.Windows.Interactivity.dll
		Libs\WPFToolkit.dll = Libs\WPFToolkit.dll
	EndProjectSection
EndProject
Project("{FAE04EC0-301F-11D3-BF4B-00C04F79EFBC}") = "Common", "Common\Common.csproj", "{01FC869E-416A-4603-9EE4-9E3D6DD068D1}"
EndProject
Project("{FAE04EC0-301F-11D3-BF4B-00C04F79EFBC}") = "DataService", "DataService\DataService.csproj", "{FE63D445-954F-4A3C-A7D3-70022437385E}"
EndProject
Global
	GlobalSection(SolutionConfigurationPlatforms) = preSolution
		Debug|Any CPU = Debug|Any CPU
		Debug|Mixed Platforms = Debug|Mixed Platforms
		Debug|x86 = Debug|x86
		Release|Any CPU = Release|Any CPU
		Release|Mixed Platforms = Release|Mixed Platforms
		Release|x86 = Release|x86
	EndGlobalSection
	GlobalSection(ProjectConfigurationPlatforms) = postSolution
		{B0C37EDE-7C3D-4BE8-AC0D-C348192C3B84}.Debug|Any CPU.ActiveCfg = Debug|x86
		{B0C37EDE-7C3D-4BE8-AC0D-C348192C3B84}.Debug|Mixed Platforms.ActiveCfg = Debug|x86
		{B0C37EDE-7C3D-4BE8-AC0D-C348192C3B84}.Debug|Mixed Platforms.Build.0 = Debug|x86
		{B0C37EDE-7C3D-4BE8-AC0D-C348192C3B84}.Debug|x86.ActiveCfg = Debug|x86
		{B0C37EDE-7C3D-4BE8-AC0D-C348192C3B84}.Debug|x86.Build.0 = Debug|x86
		{B0C37EDE-7C3D-4BE8-AC0D-C348192C3B84}.Release|Any CPU.ActiveCfg = Release|x86
		{B0C37EDE-7C3D-4BE8-AC0D-C348192C3B84}.Release|Mixed Platforms.ActiveCfg = Release|x86
		{B0C37EDE-7C3D-4BE8-AC0D-C348192C3B84}.Release|Mixed Platforms.Build.0 = Release|x86
		{B0C37EDE-7C3D-4BE8-AC0D-C348192C3B84}.Release|x86.ActiveCfg = Release|x86
		{B0C37EDE-7C3D-4BE8-AC0D-C348192C3B84}.Release|x86.Build.0 = Release|x86
		{01FC869E-416A-4603-9EE4-9E3D6DD068D1}.Debug|Any CPU.ActiveCfg = Debug|Any CPU
		{01FC869E-416A-4603-9EE4-9E3D6DD068D1}.Debug|Any CPU.Build.0 = Debug|Any CPU
		{01FC869E-416A-4603-9EE4-9E3D6DD068D1}.Debug|Mixed Platforms.ActiveCfg = Debug|Any CPU
		{01FC869E-416A-4603-9EE4-9E3D6DD068D1}.Debug|Mixed Platforms.Build.0 = Debug|Any CPU
		{01FC869E-416A-4603-9EE4-9E3D6DD068D1}.Debug|x86.ActiveCfg = Debug|Any CPU
		{01FC869E-416A-4603-9EE4-9E3D6DD068D1}.Release|Any CPU.ActiveCfg = Release|Any CPU
		{01FC869E-416A-4603-9EE4-9E3D6DD068D1}.Release|Any CPU.Build.0 = Release|Any CPU
		{01FC869E-416A-4603-9EE4-9E3D6DD068D1}.Release|Mixed Platforms.ActiveCfg = Release|Any CPU
		{01FC869E-416A-4603-9EE4-9E3D6DD068D1}.Release|Mixed Platforms.Build.0 = Release|Any CPU
		{01FC869E-416A-4603-9EE4-9E3D6DD068D1}.Release|x86.ActiveCfg = Release|Any CPU
		{FE63D445-954F-4A3C-A7D3-70022437385E}.Debug|Any CPU.ActiveCfg = Debug|Any CPU
		{FE63D445-954F-4A3C-A7D3-70022437385E}.Debug|Any CPU.Build.0 = Debug|Any CPU
		{FE63D445-954F-4A3C-A7D3-70022437385E}.Debug|Mixed Platforms.ActiveCfg = Debug|Any CPU
		{FE63D445-954F-4A3C-A7D3-70022437385E}.Debug|Mixed Platforms.Build.0 = Debug|Any CPU
		{FE63D445-954F-4A3C-A7D3-70022437385E}.Debug|x86.ActiveCfg = Debug|Any CPU
		{FE63D445-954F-4A3C-A7D3-70022437385E}.Release|Any CPU.ActiveCfg = Release|Any CPU
		{FE63D445-954F-4A3C-A7D3-70022437385E}.Release|Any CPU.Build.0 = Release|Any CPU
		{FE63D445-954F-4A3C-A7D3-70022437385E}.Release|Mixed Platforms.ActiveCfg = Release|Any CPU
		{FE63D445-954F-4A3C-A7D3-70022437385E}.Release|Mixed Platforms.Build.0 = Release|Any CPU
		{FE63D445-954F-4A3C-A7D3-70022437385E}.Release|x86.ActiveCfg = Release|Any CPU
	EndGlobalSection
	GlobalSection(SolutionProperties) = preSolution
		HideSolutionNode = FALSE
	EndGlobalSection
EndGlobal
